// !$*UTF8*$!
{
	archiveVersion = 1;
	classes = {
	};
	objectVersion = 46;
	objects = {

/* Begin PBXBuildFile section */
		9607F0371615F5910077870C /* NSString+SHKLocalize.m in Sources */ = {isa = PBXBuildFile; fileRef = 9607F0341615F5910077870C /* NSString+SHKLocalize.m */; };
		9607F0381615F5910077870C /* SHKActivityIndicator.m in Sources */ = {isa = PBXBuildFile; fileRef = 9607F0361615F5910077870C /* SHKActivityIndicator.m */; };
		9607F03F1615F7A10077870C /* unf001-hello-smalllabel-text.png in Resources */ = {isa = PBXBuildFile; fileRef = 9607F03E1615F7A10077870C /* unf001-hello-smalllabel-text.png */; };
		9609DA6C1610C1EC004ADD92 /* UIKit.framework in Frameworks */ = {isa = PBXBuildFile; fileRef = 9609DA6B1610C1EC004ADD92 /* UIKit.framework */; };
		9609DA6E1610C1EC004ADD92 /* Foundation.framework in Frameworks */ = {isa = PBXBuildFile; fileRef = 9609DA6D1610C1EC004ADD92 /* Foundation.framework */; };
		9609DA701610C1EC004ADD92 /* CoreGraphics.framework in Frameworks */ = {isa = PBXBuildFile; fileRef = 9609DA6F1610C1EC004ADD92 /* CoreGraphics.framework */; };
		9609DA761610C1EC004ADD92 /* InfoPlist.strings in Resources */ = {isa = PBXBuildFile; fileRef = 9609DA741610C1EC004ADD92 /* InfoPlist.strings */; };
		9609DA781610C1EC004ADD92 /* main.m in Sources */ = {isa = PBXBuildFile; fileRef = 9609DA771610C1EC004ADD92 /* main.m */; };
		9609DA7C1610C1EC004ADD92 /* AppDelegate.m in Sources */ = {isa = PBXBuildFile; fileRef = 9609DA7B1610C1EC004ADD92 /* AppDelegate.m */; };
		9609DA7F1610C1EC004ADD92 /* MainStoryboard_iPhone.storyboard in Resources */ = {isa = PBXBuildFile; fileRef = 9609DA7D1610C1EC004ADD92 /* MainStoryboard_iPhone.storyboard */; };
		9609DA821610C1EC004ADD92 /* MainStoryboard_iPad.storyboard in Resources */ = {isa = PBXBuildFile; fileRef = 9609DA801610C1EC004ADD92 /* MainStoryboard_iPad.storyboard */; };
		9609DA851610C1EC004ADD92 /* ViewController.m in Sources */ = {isa = PBXBuildFile; fileRef = 9609DA841610C1EC004ADD92 /* ViewController.m */; };
		9609DAB01610C292004ADD92 /* unf001-hello-button-active.png in Resources */ = {isa = PBXBuildFile; fileRef = 9609DAAA1610C292004ADD92 /* unf001-hello-button-active.png */; };
		9609DAB11610C292004ADD92 /* unf001-hello-button-normal.png in Resources */ = {isa = PBXBuildFile; fileRef = 9609DAAB1610C292004ADD92 /* unf001-hello-button-normal.png */; };
		9609DAB21610C292004ADD92 /* unf001-hello-largelabel.png in Resources */ = {isa = PBXBuildFile; fileRef = 9609DAAC1610C292004ADD92 /* unf001-hello-largelabel.png */; };
		9609DAB31610C292004ADD92 /* unf001-hello-smalllabel.png in Resources */ = {isa = PBXBuildFile; fileRef = 9609DAAD1610C292004ADD92 /* unf001-hello-smalllabel.png */; };
		9609DAB41610C292004ADD92 /* unf001-hello-textbox-active.png in Resources */ = {isa = PBXBuildFile; fileRef = 9609DAAE1610C292004ADD92 /* unf001-hello-textbox-active.png */; };
		9609DAB51610C292004ADD92 /* unf001-hello-textbox-normal.png in Resources */ = {isa = PBXBuildFile; fileRef = 9609DAAF1610C292004ADD92 /* unf001-hello-textbox-normal.png */; };
		9609DABE1610C29E004ADD92 /* unf001-hello-wireframes-1-1.png in Resources */ = {isa = PBXBuildFile; fileRef = 9609DAB71610C29E004ADD92 /* unf001-hello-wireframes-1-1.png */; };
		9609DABF1610C29E004ADD92 /* unf001-hello-wireframes-2-1.png in Resources */ = {isa = PBXBuildFile; fileRef = 9609DAB81610C29E004ADD92 /* unf001-hello-wireframes-2-1.png */; };
		9609DAC01610C29E004ADD92 /* unf001-hello-wireframes-3-1.png in Resources */ = {isa = PBXBuildFile; fileRef = 9609DAB91610C29E004ADD92 /* unf001-hello-wireframes-3-1.png */; };
		9609DAC11610C29E004ADD92 /* unf001-hello-wireframes-4-1.png in Resources */ = {isa = PBXBuildFile; fileRef = 9609DABA1610C29E004ADD92 /* unf001-hello-wireframes-4-1.png */; };
		9609DAC21610C29E004ADD92 /* unf001-hello-wireframes-5.png in Resources */ = {isa = PBXBuildFile; fileRef = 9609DABB1610C29E004ADD92 /* unf001-hello-wireframes-5.png */; };
		9609DAC31610C29E004ADD92 /* unf001-hello-wireframes-6.png in Resources */ = {isa = PBXBuildFile; fileRef = 9609DABC1610C29E004ADD92 /* unf001-hello-wireframes-6.png */; };
		9609DAC41610C29E004ADD92 /* unf001-hello-wireframes-7.png in Resources */ = {isa = PBXBuildFile; fileRef = 9609DABD1610C29E004ADD92 /* unf001-hello-wireframes-7.png */; };
		9609DAC71610C352004ADD92 /* InputVC.m in Sources */ = {isa = PBXBuildFile; fileRef = 9609DAC61610C352004ADD92 /* InputVC.m */; };
		9609DACB1610C385004ADD92 /* NameSelectionVC.m in Sources */ = {isa = PBXBuildFile; fileRef = 9609DACA1610C385004ADD92 /* NameSelectionVC.m */; };
		9609DACE1610C39D004ADD92 /* ResultVC.m in Sources */ = {isa = PBXBuildFile; fileRef = 9609DACD1610C39C004ADD92 /* ResultVC.m */; };
		9609DAD21610C577004ADD92 /* Background~ipad.png in Resources */ = {isa = PBXBuildFile; fileRef = 9609DAD11610C577004ADD92 /* Background~ipad.png */; };
		962591C61610D2DD00694969 /* Default-Landscape~ipad.png in Resources */ = {isa = PBXBuildFile; fileRef = 962591C51610D2DD00694969 /* Default-Landscape~ipad.png */; };
		9645BBE41614C6D700565615 /* Gotham-Medium.otf in Resources */ = {isa = PBXBuildFile; fileRef = 9609DA9C1610C277004ADD92 /* Gotham-Medium.otf */; };
		9645BBE61614C6DC00565615 /* Agilo Handwriting.otf in Resources */ = {isa = PBXBuildFile; fileRef = 9609DA8D1610C26D004ADD92 /* Agilo Handwriting.otf */; };
		96DBA4731614A709003F69A5 /* CFNetwork.framework in Frameworks */ = {isa = PBXBuildFile; fileRef = 96DBA4721614A709003F69A5 /* CFNetwork.framework */; };
		96DBA4781614A73E003F69A5 /* libz.dylib in Frameworks */ = {isa = PBXBuildFile; fileRef = 96DBA4751614A73E003F69A5 /* libz.dylib */; };
		96DBA4791614A73E003F69A5 /* MobileCoreServices.framework in Frameworks */ = {isa = PBXBuildFile; fileRef = 96DBA4761614A73E003F69A5 /* MobileCoreServices.framework */; };
		96DBA47A1614A73E003F69A5 /* SystemConfiguration.framework in Frameworks */ = {isa = PBXBuildFile; fileRef = 96DBA4771614A73E003F69A5 /* SystemConfiguration.framework */; };
		96DBA4931614A93A003F69A5 /* AFHTTPClient.m in Sources */ = {isa = PBXBuildFile; fileRef = 96DBA4811614A93A003F69A5 /* AFHTTPClient.m */; };
		96DBA4941614A93A003F69A5 /* AFHTTPRequestOperation.m in Sources */ = {isa = PBXBuildFile; fileRef = 96DBA4831614A93A003F69A5 /* AFHTTPRequestOperation.m */; };
		96DBA4951614A93A003F69A5 /* AFImageRequestOperation.m in Sources */ = {isa = PBXBuildFile; fileRef = 96DBA4851614A93A003F69A5 /* AFImageRequestOperation.m */; };
		96DBA4961614A93A003F69A5 /* AFJSONRequestOperation.m in Sources */ = {isa = PBXBuildFile; fileRef = 96DBA4871614A93A003F69A5 /* AFJSONRequestOperation.m */; };
		96DBA4971614A93A003F69A5 /* AFNetworkActivityIndicatorManager.m in Sources */ = {isa = PBXBuildFile; fileRef = 96DBA4891614A93A003F69A5 /* AFNetworkActivityIndicatorManager.m */; };
		96DBA4981614A93A003F69A5 /* AFPropertyListRequestOperation.m in Sources */ = {isa = PBXBuildFile; fileRef = 96DBA48C1614A93A003F69A5 /* AFPropertyListRequestOperation.m */; };
		96DBA4991614A93A003F69A5 /* AFURLConnectionOperation.m in Sources */ = {isa = PBXBuildFile; fileRef = 96DBA48E1614A93A003F69A5 /* AFURLConnectionOperation.m */; };
		96DBA49A1614A93A003F69A5 /* AFXMLRequestOperation.m in Sources */ = {isa = PBXBuildFile; fileRef = 96DBA4901614A93A003F69A5 /* AFXMLRequestOperation.m */; };
		96DBA49B1614A93A003F69A5 /* UIImageView+AFNetworking.m in Sources */ = {isa = PBXBuildFile; fileRef = 96DBA4921614A93A003F69A5 /* UIImageView+AFNetworking.m */; };
/* End PBXBuildFile section */

/* Begin PBXFileReference section */
		9607F0331615F5910077870C /* NSString+SHKLocalize.h */ = {isa = PBXFileReference; fileEncoding = 4; lastKnownFileType = sourcecode.c.h; path = "NSString+SHKLocalize.h"; sourceTree = "<group>"; };
		9607F0341615F5910077870C /* NSString+SHKLocalize.m */ = {isa = PBXFileReference; fileEncoding = 4; lastKnownFileType = sourcecode.c.objc; path = "NSString+SHKLocalize.m"; sourceTree = "<group>"; };
		9607F0351615F5910077870C /* SHKActivityIndicator.h */ = {isa = PBXFileReference; fileEncoding = 4; lastKnownFileType = sourcecode.c.h; path = SHKActivityIndicator.h; sourceTree = "<group>"; };
		9607F0361615F5910077870C /* SHKActivityIndicator.m */ = {isa = PBXFileReference; fileEncoding = 4; lastKnownFileType = sourcecode.c.objc; path = SHKActivityIndicator.m; sourceTree = "<group>"; };
		9607F03E1615F7A10077870C /* unf001-hello-smalllabel-text.png */ = {isa = PBXFileReference; lastKnownFileType = image.png; path = "unf001-hello-smalllabel-text.png"; sourceTree = "<group>"; };
		9609DA671610C1EC004ADD92 /* myname.app */ = {isa = PBXFileReference; explicitFileType = wrapper.application; includeInIndex = 0; path = myname.app; sourceTree = BUILT_PRODUCTS_DIR; };
		9609DA6B1610C1EC004ADD92 /* UIKit.framework */ = {isa = PBXFileReference; lastKnownFileType = wrapper.framework; name = UIKit.framework; path = System/Library/Frameworks/UIKit.framework; sourceTree = SDKROOT; };
		9609DA6D1610C1EC004ADD92 /* Foundation.framework */ = {isa = PBXFileReference; lastKnownFileType = wrapper.framework; name = Foundation.framework; path = System/Library/Frameworks/Foundation.framework; sourceTree = SDKROOT; };
		9609DA6F1610C1EC004ADD92 /* CoreGraphics.framework */ = {isa = PBXFileReference; lastKnownFileType = wrapper.framework; name = CoreGraphics.framework; path = System/Library/Frameworks/CoreGraphics.framework; sourceTree = SDKROOT; };
		9609DA731610C1EC004ADD92 /* MyNameIs-Info.plist */ = {isa = PBXFileReference; lastKnownFileType = text.plist.xml; path = "MyNameIs-Info.plist"; sourceTree = "<group>"; };
		9609DA751610C1EC004ADD92 /* en */ = {isa = PBXFileReference; lastKnownFileType = text.plist.strings; name = en; path = en.lproj/InfoPlist.strings; sourceTree = "<group>"; };
		9609DA771610C1EC004ADD92 /* main.m */ = {isa = PBXFileReference; lastKnownFileType = sourcecode.c.objc; path = main.m; sourceTree = "<group>"; };
		9609DA791610C1EC004ADD92 /* MyNameIs-Prefix.pch */ = {isa = PBXFileReference; lastKnownFileType = sourcecode.c.h; path = "MyNameIs-Prefix.pch"; sourceTree = "<group>"; };
		9609DA7A1610C1EC004ADD92 /* AppDelegate.h */ = {isa = PBXFileReference; lastKnownFileType = sourcecode.c.h; path = AppDelegate.h; sourceTree = "<group>"; };
		9609DA7B1610C1EC004ADD92 /* AppDelegate.m */ = {isa = PBXFileReference; lastKnownFileType = sourcecode.c.objc; path = AppDelegate.m; sourceTree = "<group>"; };
		9609DA7E1610C1EC004ADD92 /* en */ = {isa = PBXFileReference; lastKnownFileType = file.storyboard; name = en; path = en.lproj/MainStoryboard_iPhone.storyboard; sourceTree = "<group>"; };
		9609DA811610C1EC004ADD92 /* en */ = {isa = PBXFileReference; lastKnownFileType = file.storyboard; name = en; path = en.lproj/MainStoryboard_iPad.storyboard; sourceTree = "<group>"; };
		9609DA831610C1EC004ADD92 /* ViewController.h */ = {isa = PBXFileReference; lastKnownFileType = sourcecode.c.h; path = ViewController.h; sourceTree = "<group>"; };
		9609DA841610C1EC004ADD92 /* ViewController.m */ = {isa = PBXFileReference; lastKnownFileType = sourcecode.c.objc; path = ViewController.m; sourceTree = "<group>"; };
		9609DA8D1610C26D004ADD92 /* Agilo Handwriting.otf */ = {isa = PBXFileReference; lastKnownFileType = file; path = "Agilo Handwriting.otf"; sourceTree = "<group>"; };
		9609DA8E1610C277004ADD92 /* GothaBol */ = {isa = PBXFileReference; lastKnownFileType = text; path = GothaBol; sourceTree = "<group>"; };
		9609DA8F1610C277004ADD92 /* GothaBolIta */ = {isa = PBXFileReference; lastKnownFileType = text; path = GothaBolIta; sourceTree = "<group>"; };
		9609DA901610C277004ADD92 /* GothaBoo */ = {isa = PBXFileReference; lastKnownFileType = text; path = GothaBoo; sourceTree = "<group>"; };
		9609DA911610C277004ADD92 /* GothaBooIta */ = {isa = PBXFileReference; lastKnownFileType = text; path = GothaBooIta; sourceTree = "<group>"; };
		9609DA921610C277004ADD92 /* GothaLig */ = {isa = PBXFileReference; lastKnownFileType = text; path = GothaLig; sourceTree = "<group>"; };
		9609DA931610C277004ADD92 /* GothaLigIta */ = {isa = PBXFileReference; lastKnownFileType = text; path = GothaLigIta; sourceTree = "<group>"; };
		9609DA941610C277004ADD92 /* Gotham-Black.otf */ = {isa = PBXFileReference; lastKnownFileType = file; path = "Gotham-Black.otf"; sourceTree = "<group>"; };
		9609DA951610C277004ADD92 /* Gotham-BlackItalic.otf */ = {isa = PBXFileReference; lastKnownFileType = file; path = "Gotham-BlackItalic.otf"; sourceTree = "<group>"; };
		9609DA961610C277004ADD92 /* Gotham-Bold.otf */ = {isa = PBXFileReference; lastKnownFileType = file; path = "Gotham-Bold.otf"; sourceTree = "<group>"; };
		9609DA971610C277004ADD92 /* Gotham-BoldItalic.otf */ = {isa = PBXFileReference; lastKnownFileType = file; path = "Gotham-BoldItalic.otf"; sourceTree = "<group>"; };
		9609DA981610C277004ADD92 /* Gotham-Book.otf */ = {isa = PBXFileReference; lastKnownFileType = file; path = "Gotham-Book.otf"; sourceTree = "<group>"; };
		9609DA991610C277004ADD92 /* Gotham-BookItalic.otf */ = {isa = PBXFileReference; lastKnownFileType = file; path = "Gotham-BookItalic.otf"; sourceTree = "<group>"; };
		9609DA9A1610C277004ADD92 /* Gotham-Light.otf */ = {isa = PBXFileReference; lastKnownFileType = file; path = "Gotham-Light.otf"; sourceTree = "<group>"; };
		9609DA9B1610C277004ADD92 /* Gotham-LightItalic.otf */ = {isa = PBXFileReference; lastKnownFileType = file; path = "Gotham-LightItalic.otf"; sourceTree = "<group>"; };
		9609DA9C1610C277004ADD92 /* Gotham-Medium.otf */ = {isa = PBXFileReference; lastKnownFileType = file; path = "Gotham-Medium.otf"; sourceTree = "<group>"; };
		9609DA9D1610C277004ADD92 /* Gotham-MediumItalic.otf */ = {isa = PBXFileReference; lastKnownFileType = file; path = "Gotham-MediumItalic.otf"; sourceTree = "<group>"; };
		9609DA9E1610C277004ADD92 /* Gotham-Thin */ = {isa = PBXFileReference; lastKnownFileType = text; path = "Gotham-Thin"; sourceTree = "<group>"; };
		9609DA9F1610C277004ADD92 /* Gotham-Thin.otf */ = {isa = PBXFileReference; lastKnownFileType = file; path = "Gotham-Thin.otf"; sourceTree = "<group>"; };
		9609DAA01610C277004ADD92 /* Gotham-ThinItalic.otf */ = {isa = PBXFileReference; lastKnownFileType = file; path = "Gotham-ThinItalic.otf"; sourceTree = "<group>"; };
		9609DAA11610C277004ADD92 /* Gotham-Ultra.otf */ = {isa = PBXFileReference; lastKnownFileType = file; path = "Gotham-Ultra.otf"; sourceTree = "<group>"; };
		9609DAA21610C277004ADD92 /* Gotham-UltraItalic.otf */ = {isa = PBXFileReference; lastKnownFileType = file; path = "Gotham-UltraItalic.otf"; sourceTree = "<group>"; };
		9609DAA31610C277004ADD92 /* Gotham-XLight.otf */ = {isa = PBXFileReference; lastKnownFileType = file; path = "Gotham-XLight.otf"; sourceTree = "<group>"; };
		9609DAA41610C277004ADD92 /* Gotham-XLightItalic.otf */ = {isa = PBXFileReference; lastKnownFileType = file; path = "Gotham-XLightItalic.otf"; sourceTree = "<group>"; };
		9609DAA51610C277004ADD92 /* GothaMed */ = {isa = PBXFileReference; lastKnownFileType = text; path = GothaMed; sourceTree = "<group>"; };
		9609DAA61610C277004ADD92 /* GothaMedIta */ = {isa = PBXFileReference; lastKnownFileType = text; path = GothaMedIta; sourceTree = "<group>"; };
		9609DAA71610C277004ADD92 /* GothaThi */ = {isa = PBXFileReference; lastKnownFileType = text; path = GothaThi; sourceTree = "<group>"; };
		9609DAA81610C277004ADD92 /* HTF Gotham™ */ = {isa = PBXFileReference; lastKnownFileType = text; path = "HTF Gotham™"; sourceTree = "<group>"; };
		9609DAAA1610C292004ADD92 /* unf001-hello-button-active.png */ = {isa = PBXFileReference; lastKnownFileType = image.png; path = "unf001-hello-button-active.png"; sourceTree = "<group>"; };
		9609DAAB1610C292004ADD92 /* unf001-hello-button-normal.png */ = {isa = PBXFileReference; lastKnownFileType = image.png; path = "unf001-hello-button-normal.png"; sourceTree = "<group>"; };
		9609DAAC1610C292004ADD92 /* unf001-hello-largelabel.png */ = {isa = PBXFileReference; lastKnownFileType = image.png; path = "unf001-hello-largelabel.png"; sourceTree = "<group>"; };
		9609DAAD1610C292004ADD92 /* unf001-hello-smalllabel.png */ = {isa = PBXFileReference; lastKnownFileType = image.png; path = "unf001-hello-smalllabel.png"; sourceTree = "<group>"; };
		9609DAAE1610C292004ADD92 /* unf001-hello-textbox-active.png */ = {isa = PBXFileReference; lastKnownFileType = image.png; path = "unf001-hello-textbox-active.png"; sourceTree = "<group>"; };
		9609DAAF1610C292004ADD92 /* unf001-hello-textbox-normal.png */ = {isa = PBXFileReference; lastKnownFileType = image.png; path = "unf001-hello-textbox-normal.png"; sourceTree = "<group>"; };
		9609DAB71610C29E004ADD92 /* unf001-hello-wireframes-1-1.png */ = {isa = PBXFileReference; lastKnownFileType = image.png; path = "unf001-hello-wireframes-1-1.png"; sourceTree = "<group>"; };
		9609DAB81610C29E004ADD92 /* unf001-hello-wireframes-2-1.png */ = {isa = PBXFileReference; lastKnownFileType = image.png; path = "unf001-hello-wireframes-2-1.png"; sourceTree = "<group>"; };
		9609DAB91610C29E004ADD92 /* unf001-hello-wireframes-3-1.png */ = {isa = PBXFileReference; lastKnownFileType = image.png; path = "unf001-hello-wireframes-3-1.png"; sourceTree = "<group>"; };
		9609DABA1610C29E004ADD92 /* unf001-hello-wireframes-4-1.png */ = {isa = PBXFileReference; lastKnownFileType = image.png; path = "unf001-hello-wireframes-4-1.png"; sourceTree = "<group>"; };
		9609DABB1610C29E004ADD92 /* unf001-hello-wireframes-5.png */ = {isa = PBXFileReference; lastKnownFileType = image.png; path = "unf001-hello-wireframes-5.png"; sourceTree = "<group>"; };
		9609DABC1610C29E004ADD92 /* unf001-hello-wireframes-6.png */ = {isa = PBXFileReference; lastKnownFileType = image.png; path = "unf001-hello-wireframes-6.png"; sourceTree = "<group>"; };
		9609DABD1610C29E004ADD92 /* unf001-hello-wireframes-7.png */ = {isa = PBXFileReference; lastKnownFileType = image.png; path = "unf001-hello-wireframes-7.png"; sourceTree = "<group>"; };
		9609DAC51610C352004ADD92 /* InputVC.h */ = {isa = PBXFileReference; fileEncoding = 4; lastKnownFileType = sourcecode.c.h; name = InputVC.h; path = Classes/InputVC.h; sourceTree = "<group>"; };
		9609DAC61610C352004ADD92 /* InputVC.m */ = {isa = PBXFileReference; fileEncoding = 4; lastKnownFileType = sourcecode.c.objc; name = InputVC.m; path = Classes/InputVC.m; sourceTree = "<group>"; };
		9609DAC91610C385004ADD92 /* NameSelectionVC.h */ = {isa = PBXFileReference; fileEncoding = 4; lastKnownFileType = sourcecode.c.h; name = NameSelectionVC.h; path = Classes/NameSelectionVC.h; sourceTree = "<group>"; };
		9609DACA1610C385004ADD92 /* NameSelectionVC.m */ = {isa = PBXFileReference; fileEncoding = 4; lastKnownFileType = sourcecode.c.objc; name = NameSelectionVC.m; path = Classes/NameSelectionVC.m; sourceTree = "<group>"; };
		9609DACC1610C39C004ADD92 /* ResultVC.h */ = {isa = PBXFileReference; fileEncoding = 4; lastKnownFileType = sourcecode.c.h; name = ResultVC.h; path = Classes/ResultVC.h; sourceTree = "<group>"; };
		9609DACD1610C39C004ADD92 /* ResultVC.m */ = {isa = PBXFileReference; fileEncoding = 4; lastKnownFileType = sourcecode.c.objc; name = ResultVC.m; path = Classes/ResultVC.m; sourceTree = "<group>"; };
		9609DAD11610C577004ADD92 /* Background~ipad.png */ = {isa = PBXFileReference; lastKnownFileType = image.png; path = "Background~ipad.png"; sourceTree = "<group>"; };
		962591C51610D2DD00694969 /* Default-Landscape~ipad.png */ = {isa = PBXFileReference; lastKnownFileType = image.png; path = "Default-Landscape~ipad.png"; sourceTree = "<group>"; };
		96DBA4721614A709003F69A5 /* CFNetwork.framework */ = {isa = PBXFileReference; lastKnownFileType = wrapper.framework; name = CFNetwork.framework; path = System/Library/Frameworks/CFNetwork.framework; sourceTree = SDKROOT; };
		96DBA4751614A73E003F69A5 /* libz.dylib */ = {isa = PBXFileReference; lastKnownFileType = "compiled.mach-o.dylib"; name = libz.dylib; path = usr/lib/libz.dylib; sourceTree = SDKROOT; };
		96DBA4761614A73E003F69A5 /* MobileCoreServices.framework */ = {isa = PBXFileReference; lastKnownFileType = wrapper.framework; name = MobileCoreServices.framework; path = System/Library/Frameworks/MobileCoreServices.framework; sourceTree = SDKROOT; };
		96DBA4771614A73E003F69A5 /* SystemConfiguration.framework */ = {isa = PBXFileReference; lastKnownFileType = wrapper.framework; name = SystemConfiguration.framework; path = System/Library/Frameworks/SystemConfiguration.framework; sourceTree = SDKROOT; };
		96DBA4801614A93A003F69A5 /* AFHTTPClient.h */ = {isa = PBXFileReference; fileEncoding = 4; lastKnownFileType = sourcecode.c.h; path = AFHTTPClient.h; sourceTree = "<group>"; };
		96DBA4811614A93A003F69A5 /* AFHTTPClient.m */ = {isa = PBXFileReference; fileEncoding = 4; lastKnownFileType = sourcecode.c.objc; path = AFHTTPClient.m; sourceTree = "<group>"; };
		96DBA4821614A93A003F69A5 /* AFHTTPRequestOperation.h */ = {isa = PBXFileReference; fileEncoding = 4; lastKnownFileType = sourcecode.c.h; path = AFHTTPRequestOperation.h; sourceTree = "<group>"; };
		96DBA4831614A93A003F69A5 /* AFHTTPRequestOperation.m */ = {isa = PBXFileReference; fileEncoding = 4; lastKnownFileType = sourcecode.c.objc; path = AFHTTPRequestOperation.m; sourceTree = "<group>"; };
		96DBA4841614A93A003F69A5 /* AFImageRequestOperation.h */ = {isa = PBXFileReference; fileEncoding = 4; lastKnownFileType = sourcecode.c.h; path = AFImageRequestOperation.h; sourceTree = "<group>"; };
		96DBA4851614A93A003F69A5 /* AFImageRequestOperation.m */ = {isa = PBXFileReference; fileEncoding = 4; lastKnownFileType = sourcecode.c.objc; path = AFImageRequestOperation.m; sourceTree = "<group>"; };
		96DBA4861614A93A003F69A5 /* AFJSONRequestOperation.h */ = {isa = PBXFileReference; fileEncoding = 4; lastKnownFileType = sourcecode.c.h; path = AFJSONRequestOperation.h; sourceTree = "<group>"; };
		96DBA4871614A93A003F69A5 /* AFJSONRequestOperation.m */ = {isa = PBXFileReference; fileEncoding = 4; lastKnownFileType = sourcecode.c.objc; path = AFJSONRequestOperation.m; sourceTree = "<group>"; };
		96DBA4881614A93A003F69A5 /* AFNetworkActivityIndicatorManager.h */ = {isa = PBXFileReference; fileEncoding = 4; lastKnownFileType = sourcecode.c.h; path = AFNetworkActivityIndicatorManager.h; sourceTree = "<group>"; };
		96DBA4891614A93A003F69A5 /* AFNetworkActivityIndicatorManager.m */ = {isa = PBXFileReference; fileEncoding = 4; lastKnownFileType = sourcecode.c.objc; path = AFNetworkActivityIndicatorManager.m; sourceTree = "<group>"; };
		96DBA48A1614A93A003F69A5 /* AFNetworking.h */ = {isa = PBXFileReference; fileEncoding = 4; lastKnownFileType = sourcecode.c.h; path = AFNetworking.h; sourceTree = "<group>"; };
		96DBA48B1614A93A003F69A5 /* AFPropertyListRequestOperation.h */ = {isa = PBXFileReference; fileEncoding = 4; lastKnownFileType = sourcecode.c.h; path = AFPropertyListRequestOperation.h; sourceTree = "<group>"; };
		96DBA48C1614A93A003F69A5 /* AFPropertyListRequestOperation.m */ = {isa = PBXFileReference; fileEncoding = 4; lastKnownFileType = sourcecode.c.objc; path = AFPropertyListRequestOperation.m; sourceTree = "<group>"; };
		96DBA48D1614A93A003F69A5 /* AFURLConnectionOperation.h */ = {isa = PBXFileReference; fileEncoding = 4; lastKnownFileType = sourcecode.c.h; path = AFURLConnectionOperation.h; sourceTree = "<group>"; };
		96DBA48E1614A93A003F69A5 /* AFURLConnectionOperation.m */ = {isa = PBXFileReference; fileEncoding = 4; lastKnownFileType = sourcecode.c.objc; path = AFURLConnectionOperation.m; sourceTree = "<group>"; };
		96DBA48F1614A93A003F69A5 /* AFXMLRequestOperation.h */ = {isa = PBXFileReference; fileEncoding = 4; lastKnownFileType = sourcecode.c.h; path = AFXMLRequestOperation.h; sourceTree = "<group>"; };
		96DBA4901614A93A003F69A5 /* AFXMLRequestOperation.m */ = {isa = PBXFileReference; fileEncoding = 4; lastKnownFileType = sourcecode.c.objc; path = AFXMLRequestOperation.m; sourceTree = "<group>"; };
		96DBA4911614A93A003F69A5 /* UIImageView+AFNetworking.h */ = {isa = PBXFileReference; fileEncoding = 4; lastKnownFileType = sourcecode.c.h; path = "UIImageView+AFNetworking.h"; sourceTree = "<group>"; };
		96DBA4921614A93A003F69A5 /* UIImageView+AFNetworking.m */ = {isa = PBXFileReference; fileEncoding = 4; lastKnownFileType = sourcecode.c.objc; path = "UIImageView+AFNetworking.m"; sourceTree = "<group>"; };
/* End PBXFileReference section */

/* Begin PBXFrameworksBuildPhase section */
		9609DA641610C1EC004ADD92 /* Frameworks */ = {
			isa = PBXFrameworksBuildPhase;
			buildActionMask = 2147483647;
			files = (
				96DBA4781614A73E003F69A5 /* libz.dylib in Frameworks */,
				96DBA4791614A73E003F69A5 /* MobileCoreServices.framework in Frameworks */,
				96DBA47A1614A73E003F69A5 /* SystemConfiguration.framework in Frameworks */,
				9609DA701610C1EC004ADD92 /* CoreGraphics.framework in Frameworks */,
				96DBA4731614A709003F69A5 /* CFNetwork.framework in Frameworks */,
				9609DA6C1610C1EC004ADD92 /* UIKit.framework in Frameworks */,
				9609DA6E1610C1EC004ADD92 /* Foundation.framework in Frameworks */,
			);
			runOnlyForDeploymentPostprocessing = 0;
		};
/* End PBXFrameworksBuildPhase section */

/* Begin PBXGroup section */
		9607F0321615F5910077870C /* SHK */ = {
			isa = PBXGroup;
			children = (
				9607F0331615F5910077870C /* NSString+SHKLocalize.h */,
				9607F0341615F5910077870C /* NSString+SHKLocalize.m */,
				9607F0351615F5910077870C /* SHKActivityIndicator.h */,
				9607F0361615F5910077870C /* SHKActivityIndicator.m */,
			);
			path = SHK;
			sourceTree = "<group>";
		};
		9609DA5C1610C1EB004ADD92 = {
			isa = PBXGroup;
			children = (
				9609DA8B1610C202004ADD92 /* Resources */,
				9609DA711610C1EC004ADD92 /* MyNameIs */,
				9609DA6A1610C1EC004ADD92 /* Frameworks */,
				9609DA681610C1EC004ADD92 /* Products */,
			);
			sourceTree = "<group>";
		};
		9609DA681610C1EC004ADD92 /* Products */ = {
			isa = PBXGroup;
			children = (
				9609DA671610C1EC004ADD92 /* myname.app */,
			);
			name = Products;
			sourceTree = "<group>";
		};
		9609DA6A1610C1EC004ADD92 /* Frameworks */ = {
			isa = PBXGroup;
			children = (
				96DBA4751614A73E003F69A5 /* libz.dylib */,
				96DBA4761614A73E003F69A5 /* MobileCoreServices.framework */,
				96DBA4771614A73E003F69A5 /* SystemConfiguration.framework */,
				96DBA4721614A709003F69A5 /* CFNetwork.framework */,
				9609DA6B1610C1EC004ADD92 /* UIKit.framework */,
				9609DA6D1610C1EC004ADD92 /* Foundation.framework */,
				9609DA6F1610C1EC004ADD92 /* CoreGraphics.framework */,
			);
			name = Frameworks;
			sourceTree = "<group>";
		};
		9609DA711610C1EC004ADD92 /* MyNameIs */ = {
			isa = PBXGroup;
			children = (
				9609DAC81610C35A004ADD92 /* Classes */,
				9609DA7A1610C1EC004ADD92 /* AppDelegate.h */,
				9609DA7B1610C1EC004ADD92 /* AppDelegate.m */,
				9609DA7D1610C1EC004ADD92 /* MainStoryboard_iPhone.storyboard */,
				9609DA801610C1EC004ADD92 /* MainStoryboard_iPad.storyboard */,
				9609DA721610C1EC004ADD92 /* Supporting Files */,
			);
			path = MyNameIs;
			sourceTree = "<group>";
		};
		9609DA721610C1EC004ADD92 /* Supporting Files */ = {
			isa = PBXGroup;
			children = (
				9609DA731610C1EC004ADD92 /* MyNameIs-Info.plist */,
				9609DA741610C1EC004ADD92 /* InfoPlist.strings */,
				9609DA771610C1EC004ADD92 /* main.m */,
				9609DA791610C1EC004ADD92 /* MyNameIs-Prefix.pch */,
			);
			name = "Supporting Files";
			sourceTree = "<group>";
		};
		9609DA8B1610C202004ADD92 /* Resources */ = {
			isa = PBXGroup;
			children = (
				9609DAA91610C280004ADD92 /* Images */,
				9609DA8C1610C261004ADD92 /* Fonts */,
			);
			name = Resources;
			sourceTree = "<group>";
		};
		9609DA8C1610C261004ADD92 /* Fonts */ = {
			isa = PBXGroup;
			children = (
				9609DA8D1610C26D004ADD92 /* Agilo Handwriting.otf */,
				9609DA8E1610C277004ADD92 /* GothaBol */,
				9609DA8F1610C277004ADD92 /* GothaBolIta */,
				9609DA901610C277004ADD92 /* GothaBoo */,
				9609DA911610C277004ADD92 /* GothaBooIta */,
				9609DA921610C277004ADD92 /* GothaLig */,
				9609DA931610C277004ADD92 /* GothaLigIta */,
				9609DA941610C277004ADD92 /* Gotham-Black.otf */,
				9609DA951610C277004ADD92 /* Gotham-BlackItalic.otf */,
				9609DA961610C277004ADD92 /* Gotham-Bold.otf */,
				9609DA971610C277004ADD92 /* Gotham-BoldItalic.otf */,
				9609DA981610C277004ADD92 /* Gotham-Book.otf */,
				9609DA991610C277004ADD92 /* Gotham-BookItalic.otf */,
				9609DA9A1610C277004ADD92 /* Gotham-Light.otf */,
				9609DA9B1610C277004ADD92 /* Gotham-LightItalic.otf */,
				9609DA9C1610C277004ADD92 /* Gotham-Medium.otf */,
				9609DA9D1610C277004ADD92 /* Gotham-MediumItalic.otf */,
				9609DA9E1610C277004ADD92 /* Gotham-Thin */,
				9609DA9F1610C277004ADD92 /* Gotham-Thin.otf */,
				9609DAA01610C277004ADD92 /* Gotham-ThinItalic.otf */,
				9609DAA11610C277004ADD92 /* Gotham-Ultra.otf */,
				9609DAA21610C277004ADD92 /* Gotham-UltraItalic.otf */,
				9609DAA31610C277004ADD92 /* Gotham-XLight.otf */,
				9609DAA41610C277004ADD92 /* Gotham-XLightItalic.otf */,
				9609DAA51610C277004ADD92 /* GothaMed */,
				9609DAA61610C277004ADD92 /* GothaMedIta */,
				9609DAA71610C277004ADD92 /* GothaThi */,
				9609DAA81610C277004ADD92 /* HTF Gotham™ */,
			);
			name = Fonts;
			path = Resources/Fonts;
			sourceTree = "<group>";
		};
		9609DAA91610C280004ADD92 /* Images */ = {
			isa = PBXGroup;
			children = (
				9607F03E1615F7A10077870C /* unf001-hello-smalllabel-text.png */,
				962591C51610D2DD00694969 /* Default-Landscape~ipad.png */,
				9609DAD11610C577004ADD92 /* Background~ipad.png */,
				9609DAB61610C29E004ADD92 /* NewWireframes */,
				9609DAAA1610C292004ADD92 /* unf001-hello-button-active.png */,
				9609DAAB1610C292004ADD92 /* unf001-hello-button-normal.png */,
				9609DAAC1610C292004ADD92 /* unf001-hello-largelabel.png */,
				9609DAAD1610C292004ADD92 /* unf001-hello-smalllabel.png */,
				9609DAAE1610C292004ADD92 /* unf001-hello-textbox-active.png */,
				9609DAAF1610C292004ADD92 /* unf001-hello-textbox-normal.png */,
			);
			name = Images;
			path = Resources/Images;
			sourceTree = "<group>";
		};
		9609DAB61610C29E004ADD92 /* NewWireframes */ = {
			isa = PBXGroup;
			children = (
				9609DAB71610C29E004ADD92 /* unf001-hello-wireframes-1-1.png */,
				9609DAB81610C29E004ADD92 /* unf001-hello-wireframes-2-1.png */,
				9609DAB91610C29E004ADD92 /* unf001-hello-wireframes-3-1.png */,
				9609DABA1610C29E004ADD92 /* unf001-hello-wireframes-4-1.png */,
				9609DABB1610C29E004ADD92 /* unf001-hello-wireframes-5.png */,
				9609DABC1610C29E004ADD92 /* unf001-hello-wireframes-6.png */,
				9609DABD1610C29E004ADD92 /* unf001-hello-wireframes-7.png */,
			);
			path = NewWireframes;
			sourceTree = "<group>";
		};
		9609DAC81610C35A004ADD92 /* Classes */ = {
			isa = PBXGroup;
			children = (
				9607F0321615F5910077870C /* SHK */,
				96DBA47F1614A93A003F69A5 /* AFNetworking */,
				9609DAD01610C3B7004ADD92 /* iPad */,
				9609DACF1610C3B0004ADD92 /* iPhone */,
				9609DA831610C1EC004ADD92 /* ViewController.h */,
				9609DA841610C1EC004ADD92 /* ViewController.m */,
			);
			name = Classes;
			sourceTree = "<group>";
		};
		9609DACF1610C3B0004ADD92 /* iPhone */ = {
			isa = PBXGroup;
			children = (
			);
			name = iPhone;
			sourceTree = "<group>";
		};
		9609DAD01610C3B7004ADD92 /* iPad */ = {
			isa = PBXGroup;
			children = (
				9609DAC51610C352004ADD92 /* InputVC.h */,
				9609DAC61610C352004ADD92 /* InputVC.m */,
				9609DAC91610C385004ADD92 /* NameSelectionVC.h */,
				9609DACA1610C385004ADD92 /* NameSelectionVC.m */,
				9609DACC1610C39C004ADD92 /* ResultVC.h */,
				9609DACD1610C39C004ADD92 /* ResultVC.m */,
			);
			name = iPad;
			sourceTree = "<group>";
		};
		96DBA47F1614A93A003F69A5 /* AFNetworking */ = {
			isa = PBXGroup;
			children = (
				96DBA4801614A93A003F69A5 /* AFHTTPClient.h */,
				96DBA4811614A93A003F69A5 /* AFHTTPClient.m */,
				96DBA4821614A93A003F69A5 /* AFHTTPRequestOperation.h */,
				96DBA4831614A93A003F69A5 /* AFHTTPRequestOperation.m */,
				96DBA4841614A93A003F69A5 /* AFImageRequestOperation.h */,
				96DBA4851614A93A003F69A5 /* AFImageRequestOperation.m */,
				96DBA4861614A93A003F69A5 /* AFJSONRequestOperation.h */,
				96DBA4871614A93A003F69A5 /* AFJSONRequestOperation.m */,
				96DBA4881614A93A003F69A5 /* AFNetworkActivityIndicatorManager.h */,
				96DBA4891614A93A003F69A5 /* AFNetworkActivityIndicatorManager.m */,
				96DBA48A1614A93A003F69A5 /* AFNetworking.h */,
				96DBA48B1614A93A003F69A5 /* AFPropertyListRequestOperation.h */,
				96DBA48C1614A93A003F69A5 /* AFPropertyListRequestOperation.m */,
				96DBA48D1614A93A003F69A5 /* AFURLConnectionOperation.h */,
				96DBA48E1614A93A003F69A5 /* AFURLConnectionOperation.m */,
				96DBA48F1614A93A003F69A5 /* AFXMLRequestOperation.h */,
				96DBA4901614A93A003F69A5 /* AFXMLRequestOperation.m */,
				96DBA4911614A93A003F69A5 /* UIImageView+AFNetworking.h */,
				96DBA4921614A93A003F69A5 /* UIImageView+AFNetworking.m */,
			);
			path = AFNetworking;
			sourceTree = "<group>";
		};
/* End PBXGroup section */

/* Begin PBXNativeTarget section */
		9609DA661610C1EC004ADD92 /* MyNameIs */ = {
			isa = PBXNativeTarget;
			buildConfigurationList = 9609DA881610C1EC004ADD92 /* Build configuration list for PBXNativeTarget "MyNameIs" */;
			buildPhases = (
				9609DA631610C1EC004ADD92 /* Sources */,
				9609DA641610C1EC004ADD92 /* Frameworks */,
				9609DA651610C1EC004ADD92 /* Resources */,
			);
			buildRules = (
			);
			dependencies = (
			);
			name = MyNameIs;
			productName = MyNameIs;
			productReference = 9609DA671610C1EC004ADD92 /* myname.app */;
			productType = "com.apple.product-type.application";
		};
/* End PBXNativeTarget section */

/* Begin PBXProject section */
		9609DA5E1610C1EB004ADD92 /* Project object */ = {
			isa = PBXProject;
			attributes = {
				LastUpgradeCheck = 0440;
				ORGANIZATIONNAME = "Gregory Cowley Studios";
			};
			buildConfigurationList = 9609DA611610C1EB004ADD92 /* Build configuration list for PBXProject "MyNameIs" */;
			compatibilityVersion = "Xcode 3.2";
			developmentRegion = English;
			hasScannedForEncodings = 0;
			knownRegions = (
				en,
			);
			mainGroup = 9609DA5C1610C1EB004ADD92;
			productRefGroup = 9609DA681610C1EC004ADD92 /* Products */;
			projectDirPath = "";
			projectRoot = "";
			targets = (
				9609DA661610C1EC004ADD92 /* MyNameIs */,
			);
		};
/* End PBXProject section */

/* Begin PBXResourcesBuildPhase section */
		9609DA651610C1EC004ADD92 /* Resources */ = {
			isa = PBXResourcesBuildPhase;
			buildActionMask = 2147483647;
			files = (
				9609DA761610C1EC004ADD92 /* InfoPlist.strings in Resources */,
				9609DA7F1610C1EC004ADD92 /* MainStoryboard_iPhone.storyboard in Resources */,
				9609DA821610C1EC004ADD92 /* MainStoryboard_iPad.storyboard in Resources */,
				9609DAB01610C292004ADD92 /* unf001-hello-button-active.png in Resources */,
				9609DAB11610C292004ADD92 /* unf001-hello-button-normal.png in Resources */,
				9609DAB21610C292004ADD92 /* unf001-hello-largelabel.png in Resources */,
				9609DAB31610C292004ADD92 /* unf001-hello-smalllabel.png in Resources */,
				9609DAB41610C292004ADD92 /* unf001-hello-textbox-active.png in Resources */,
				9609DAB51610C292004ADD92 /* unf001-hello-textbox-normal.png in Resources */,
				9609DABE1610C29E004ADD92 /* unf001-hello-wireframes-1-1.png in Resources */,
				9609DABF1610C29E004ADD92 /* unf001-hello-wireframes-2-1.png in Resources */,
				9609DAC01610C29E004ADD92 /* unf001-hello-wireframes-3-1.png in Resources */,
				9609DAC11610C29E004ADD92 /* unf001-hello-wireframes-4-1.png in Resources */,
				9609DAC21610C29E004ADD92 /* unf001-hello-wireframes-5.png in Resources */,
				9609DAC31610C29E004ADD92 /* unf001-hello-wireframes-6.png in Resources */,
				9609DAC41610C29E004ADD92 /* unf001-hello-wireframes-7.png in Resources */,
				9609DAD21610C577004ADD92 /* Background~ipad.png in Resources */,
				962591C61610D2DD00694969 /* Default-Landscape~ipad.png in Resources */,
				9645BBE41614C6D700565615 /* Gotham-Medium.otf in Resources */,
				9645BBE61614C6DC00565615 /* Agilo Handwriting.otf in Resources */,
				9607F03F1615F7A10077870C /* unf001-hello-smalllabel-text.png in Resources */,
			);
			runOnlyForDeploymentPostprocessing = 0;
		};
/* End PBXResourcesBuildPhase section */

/* Begin PBXSourcesBuildPhase section */
		9609DA631610C1EC004ADD92 /* Sources */ = {
			isa = PBXSourcesBuildPhase;
			buildActionMask = 2147483647;
			files = (
				9609DA781610C1EC004ADD92 /* main.m in Sources */,
				9609DA7C1610C1EC004ADD92 /* AppDelegate.m in Sources */,
				9609DA851610C1EC004ADD92 /* ViewController.m in Sources */,
				9609DAC71610C352004ADD92 /* InputVC.m in Sources */,
				9609DACB1610C385004ADD92 /* NameSelectionVC.m in Sources */,
				9609DACE1610C39D004ADD92 /* ResultVC.m in Sources */,
				96DBA4931614A93A003F69A5 /* AFHTTPClient.m in Sources */,
				96DBA4941614A93A003F69A5 /* AFHTTPRequestOperation.m in Sources */,
				96DBA4951614A93A003F69A5 /* AFImageRequestOperation.m in Sources */,
				96DBA4961614A93A003F69A5 /* AFJSONRequestOperation.m in Sources */,
				96DBA4971614A93A003F69A5 /* AFNetworkActivityIndicatorManager.m in Sources */,
				96DBA4981614A93A003F69A5 /* AFPropertyListRequestOperation.m in Sources */,
				96DBA4991614A93A003F69A5 /* AFURLConnectionOperation.m in Sources */,
				96DBA49A1614A93A003F69A5 /* AFXMLRequestOperation.m in Sources */,
				96DBA49B1614A93A003F69A5 /* UIImageView+AFNetworking.m in Sources */,
				9607F0371615F5910077870C /* NSString+SHKLocalize.m in Sources */,
				9607F0381615F5910077870C /* SHKActivityIndicator.m in Sources */,
			);
			runOnlyForDeploymentPostprocessing = 0;
		};
/* End PBXSourcesBuildPhase section */

/* Begin PBXVariantGroup section */
		9609DA741610C1EC004ADD92 /* InfoPlist.strings */ = {
			isa = PBXVariantGroup;
			children = (
				9609DA751610C1EC004ADD92 /* en */,
			);
			name = InfoPlist.strings;
			sourceTree = "<group>";
		};
		9609DA7D1610C1EC004ADD92 /* MainStoryboard_iPhone.storyboard */ = {
			isa = PBXVariantGroup;
			children = (
				9609DA7E1610C1EC004ADD92 /* en */,
			);
			name = MainStoryboard_iPhone.storyboard;
			sourceTree = "<group>";
		};
		9609DA801610C1EC004ADD92 /* MainStoryboard_iPad.storyboard */ = {
			isa = PBXVariantGroup;
			children = (
				9609DA811610C1EC004ADD92 /* en */,
			);
			name = MainStoryboard_iPad.storyboard;
			sourceTree = "<group>";
		};
/* End PBXVariantGroup section */

/* Begin XCBuildConfiguration section */
		9609DA861610C1EC004ADD92 /* Debug */ = {
			isa = XCBuildConfiguration;
			buildSettings = {
				ALWAYS_SEARCH_USER_PATHS = NO;
				ARCHS = "$(ARCHS_STANDARD_32_BIT)";
				CLANG_CXX_LANGUAGE_STANDARD = "gnu++0x";
				CLANG_ENABLE_OBJC_ARC = YES;
				CLANG_WARN__DUPLICATE_METHOD_MATCH = YES;
				"CODE_SIGN_IDENTITY[sdk=iphoneos*]" = "iPhone Developer: Gregory Cowley (DQM83653X6)";
				COPY_PHASE_STRIP = NO;
				GCC_C_LANGUAGE_STANDARD = gnu99;
				GCC_DYNAMIC_NO_PIC = NO;
				GCC_OPTIMIZATION_LEVEL = 0;
				GCC_PREPROCESSOR_DEFINITIONS = (
					"DEBUG=1",
					"$(inherited)",
				);
				GCC_SYMBOLS_PRIVATE_EXTERN = NO;
				GCC_VERSION = com.apple.compilers.llvm.clang.1_0;
				GCC_WARN_ABOUT_RETURN_TYPE = YES;
				GCC_WARN_UNINITIALIZED_AUTOS = YES;
				GCC_WARN_UNUSED_VARIABLE = YES;
				IPHONEOS_DEPLOYMENT_TARGET = 5.1;
				"PROVISIONING_PROFILE[sdk=iphoneos*]" = "9BE7FBD9-F51A-44EC-8DAB-86A3EF3A9496";
				SDKROOT = iphoneos;
				TARGETED_DEVICE_FAMILY = "1,2";
			};
			name = Debug;
		};
		9609DA871610C1EC004ADD92 /* Release */ = {
			isa = XCBuildConfiguration;
			buildSettings = {
				ALWAYS_SEARCH_USER_PATHS = NO;
				ARCHS = "$(ARCHS_STANDARD_32_BIT)";
				CLANG_CXX_LANGUAGE_STANDARD = "gnu++0x";
				CLANG_ENABLE_OBJC_ARC = YES;
				CLANG_WARN__DUPLICATE_METHOD_MATCH = YES;
				"CODE_SIGN_IDENTITY[sdk=iphoneos*]" = "iPhone Developer: Gregory Cowley (DQM83653X6)";
				COPY_PHASE_STRIP = YES;
				GCC_C_LANGUAGE_STANDARD = gnu99;
				GCC_VERSION = com.apple.compilers.llvm.clang.1_0;
				GCC_WARN_ABOUT_RETURN_TYPE = YES;
				GCC_WARN_UNINITIALIZED_AUTOS = YES;
				GCC_WARN_UNUSED_VARIABLE = YES;
				IPHONEOS_DEPLOYMENT_TARGET = 5.1;
				OTHER_CFLAGS = "-DNS_BLOCK_ASSERTIONS=1";
				"PROVISIONING_PROFILE[sdk=iphoneos*]" = "9BE7FBD9-F51A-44EC-8DAB-86A3EF3A9496";
				SDKROOT = iphoneos;
				TARGETED_DEVICE_FAMILY = "1,2";
				VALIDATE_PRODUCT = YES;
			};
			name = Release;
		};
		9609DA891610C1EC004ADD92 /* Debug */ = {
			isa = XCBuildConfiguration;
			buildSettings = {
				"CODE_SIGN_IDENTITY[sdk=iphoneos*]" = "iPhone Developer: Gregory Cowley (DQM83653X6)";
				GCC_PRECOMPILE_PREFIX_HEADER = YES;
				GCC_PREFIX_HEADER = "MyNameIs/MyNameIs-Prefix.pch";
				INFOPLIST_FILE = "MyNameIs/MyNameIs-Info.plist";
				PRODUCT_NAME = myname;
				"PROVISIONING_PROFILE[sdk=iphoneos*]" = "9BE7FBD9-F51A-44EC-8DAB-86A3EF3A9496";
				TARGETED_DEVICE_FAMILY = 2;
				WRAPPER_EXTENSION = app;
			};
			name = Debug;
		};
		9609DA8A1610C1EC004ADD92 /* Release */ = {
			isa = XCBuildConfiguration;
			buildSettings = {
				"CODE_SIGN_IDENTITY[sdk=iphoneos*]" = "iPhone Developer: Gregory Cowley (DQM83653X6)";
				GCC_PRECOMPILE_PREFIX_HEADER = YES;
				GCC_PREFIX_HEADER = "MyNameIs/MyNameIs-Prefix.pch";
				INFOPLIST_FILE = "MyNameIs/MyNameIs-Info.plist";
				PRODUCT_NAME = myname;
				"PROVISIONING_PROFILE[sdk=iphoneos*]" = "9BE7FBD9-F51A-44EC-8DAB-86A3EF3A9496";
				TARGETED_DEVICE_FAMILY = 2;
				WRAPPER_EXTENSION = app;
			};
			name = Release;
		};
/* End XCBuildConfiguration section */

/* Begin XCConfigurationList section */
		9609DA611610C1EB004ADD92 /* Build configuration list for PBXProject "MyNameIs" */ = {
			isa = XCConfigurationList;
			buildConfigurations = (
				9609DA861610C1EC004ADD92 /* Debug */,
				9609DA871610C1EC004ADD92 /* Release */,
			);
			defaultConfigurationIsVisible = 0;
			defaultConfigurationName = Release;
		};
		9609DA881610C1EC004ADD92 /* Build configuration list for PBXNativeTarget "MyNameIs" */ = {
			isa = XCConfigurationList;
			buildConfigurations = (
				9609DA891610C1EC004ADD92 /* Debug */,
				9609DA8A1610C1EC004ADD92 /* Release */,
			);
			defaultConfigurationIsVisible = 0;
			defaultConfigurationName = Release;
		};
/* End XCConfigurationList section */
	};
	rootObject = 9609DA5E1610C1EB004ADD92 /* Project object */;
}
